
Microsoft Visual Studio Solution File, Format Version 12.00
# Visual Studio 2012
Project("{E24C65DC-7377-472B-9ABA-BC803B73C61A}") = "bootGPS", ".", "{9CB8E506-21B8-4B46-9C2E-72E71C448A2B}"
	ProjectSection(WebsiteProperties) = preProject
		TargetFrameworkMoniker = ".NETFramework,Version%3Dv4.5"
		Debug.AspNetCompiler.VirtualPath = "/bootGPS"
		Debug.AspNetCompiler.PhysicalPath = "..\bootGPS\"
		Debug.AspNetCompiler.TargetPath = "PrecompiledWeb\bootGPS\"
		Debug.AspNetCompiler.Updateable = "true"
		Debug.AspNetCompiler.ForceOverwrite = "true"
		Debug.AspNetCompiler.FixedNames = "false"
		Debug.AspNetCompiler.Debug = "True"
		Release.AspNetCompiler.VirtualPath = "/bootGPS"
		Release.AspNetCompiler.PhysicalPath = "..\bootGPS\"
		Release.AspNetCompiler.TargetPath = "PrecompiledWeb\bootGPS\"
		Release.AspNetCompiler.Updateable = "true"
		Release.AspNetCompiler.ForceOverwrite = "true"
		Release.AspNetCompiler.FixedNames = "false"
		Release.AspNetCompiler.Debug = "False"
		VWDPort = "5365"
	EndProjectSection
EndProject
Global
	GlobalSection(SolutionConfigurationPlatforms) = preSolution
		Debug|Any CPU = Debug|Any CPU
	EndGlobalSection
	GlobalSection(ProjectConfigurationPlatforms) = postSolution
		{9CB8E506-21B8-4B46-9C2E-72E71C448A2B}.Debug|Any CPU.ActiveCfg = Debug|Any CPU
		{9CB8E506-21B8-4B46-9C2E-72E71C448A2B}.Debug|Any CPU.Build.0 = Debug|Any CPU
	EndGlobalSection
	GlobalSection(SolutionProperties) = preSolution
		HideSolutionNode = FALSE
	EndGlobalSection
EndGlobal
